
Microsoft Visual Studio Solution File, Format Version 12.00
# Visual Studio Version 17
VisualStudioVersion = 17.12.35527.113
MinimumVisualStudioVersion = 10.0.40219.1
Project("{FAE04EC0-301F-11D3-BF4B-00C04F79EFBC}") = "TcpSample_A", "TcpSampleApp_A\TcpSample_A.csproj", "{6706E9C3-8090-432A-AE28-98A162DDA5CA}"
EndProject
Project("{FAE04EC0-301F-11D3-BF4B-00C04F79EFBC}") = "TcpSample_B", "TcpSample_B\TcpSample_B.csproj", "{35818A38-0963-4490-9CAD-84D218FFEFC8}"
EndProject
Project("{FAE04EC0-301F-11D3-BF4B-00C04F79EFBC}") = "TcpSample.Lib", "TcpSample.Lib\TcpSample.Lib.csproj", "{13A8D211-9B4E-4E4D-B379-201009AF0417}"
EndProject
Global
	GlobalSection(SolutionConfigurationPlatforms) = preSolution
		Debug|Any CPU = Debug|Any CPU
		Release|Any CPU = Release|Any CPU
	EndGlobalSection
	GlobalSection(ProjectConfigurationPlatforms) = postSolution
		{6706E9C3-8090-432A-AE28-98A162DDA5CA}.Debug|Any CPU.ActiveCfg = Debug|Any CPU
		{6706E9C3-8090-432A-AE28-98A162DDA5CA}.Debug|Any CPU.Build.0 = Debug|Any CPU
		{6706E9C3-8090-432A-AE28-98A162DDA5CA}.Release|Any CPU.ActiveCfg = Release|Any CPU
		{6706E9C3-8090-432A-AE28-98A162DDA5CA}.Release|Any CPU.Build.0 = Release|Any CPU
		{35818A38-0963-4490-9CAD-84D218FFEFC8}.Debug|Any CPU.ActiveCfg = Debug|Any CPU
		{35818A38-0963-4490-9CAD-84D218FFEFC8}.Debug|Any CPU.Build.0 = Debug|Any CPU
		{35818A38-0963-4490-9CAD-84D218FFEFC8}.Release|Any CPU.ActiveCfg = Release|Any CPU
		{35818A38-0963-4490-9CAD-84D218FFEFC8}.Release|Any CPU.Build.0 = Release|Any CPU
		{13A8D211-9B4E-4E4D-B379-201009AF0417}.Debug|Any CPU.ActiveCfg = Debug|Any CPU
		{13A8D211-9B4E-4E4D-B379-201009AF0417}.Debug|Any CPU.Build.0 = Debug|Any CPU
		{13A8D211-9B4E-4E4D-B379-201009AF0417}.Release|Any CPU.ActiveCfg = Release|Any CPU
		{13A8D211-9B4E-4E4D-B379-201009AF0417}.Release|Any CPU.Build.0 = Release|Any CPU
	EndGlobalSection
	GlobalSection(SolutionProperties) = preSolution
		HideSolutionNode = FALSE
	EndGlobalSection
EndGlobal
